
Microsoft Visual Studio Solution File, Format Version 12.00
# Visual Studio 15
VisualStudioVersion = 15.0.28307.572
MinimumVisualStudioVersion = 10.0.40219.1
Project("{FAE04EC0-301F-11D3-BF4B-00C04F79EFBC}") = "EventHubPublisher", "EventHubPublisher.csproj", "{390E1C49-DE5A-4768-A7D6-B0C744D2D801}"
EndProject
Global
	GlobalSection(SolutionConfigurationPlatforms) = preSolution
		Debug|Any CPU = Debug|Any CPU
		Release|Any CPU = Release|Any CPU
	EndGlobalSection
	GlobalSection(ProjectConfigurationPlatforms) = postSolution
		{390E1C49-DE5A-4768-A7D6-B0C744D2D801}.Debug|Any CPU.ActiveCfg = Debug|Any CPU
		{390E1C49-DE5A-4768-A7D6-B0C744D2D801}.Debug|Any CPU.Build.0 = Debug|Any CPU
		{390E1C49-DE5A-4768-A7D6-B0C744D2D801}.Release|Any CPU.ActiveCfg = Release|Any CPU
		{390E1C49-DE5A-4768-A7D6-B0C744D2D801}.Release|Any CPU.Build.0 = Release|Any CPU
	EndGlobalSection
	GlobalSection(SolutionProperties) = preSolution
		HideSolutionNode = FALSE
	EndGlobalSection
	GlobalSection(ExtensibilityGlobals) = postSolution
		SolutionGuid = {648F8312-4E8D-45B9-8223-A942CF1445C6}
	EndGlobalSection
EndGlobal
